
Microsoft Visual Studio Solution File, Format Version 12.00
# Visual Studio Version 17
VisualStudioVersion = 17.5.33414.496
MinimumVisualStudioVersion = 10.0.40219.1
Project("{FAE04EC0-301F-11D3-BF4B-00C04F79EFBC}") = "CM79D3_HFT_2023241.Client", "CM79D3_HFT_2023241.Client\CM79D3_HFT_2023241.Client.csproj", "{EDAAC63C-922A-4274-95DB-1FFFA20F9CCE}"
EndProject
Project("{FAE04EC0-301F-11D3-BF4B-00C04F79EFBC}") = "CM79D3_HFT_2023241.Models", "CM79D3_HFT_2023241.Models\CM79D3_HFT_2023241.Models.csproj", "{C4755966-6D0B-4DF3-B0A7-E3853CABD67F}"
EndProject
Project("{FAE04EC0-301F-11D3-BF4B-00C04F79EFBC}") = "CM79D3_HFT_2023241.Logic", "CM79D3_HFT_2023241.Logic\CM79D3_HFT_2023241.Logic.csproj", "{2B5592CE-2392-458D-824D-79BB8C102CA6}"
EndProject
Project("{FAE04EC0-301F-11D3-BF4B-00C04F79EFBC}") = "CM79D3_HFT_2023241.Repository", "CM79D3_HFT_2023241.Repository\CM79D3_HFT_2023241.Repository.csproj", "{C2B3CF2D-6290-4016-B42E-2830A517F38B}"
EndProject
Project("{FAE04EC0-301F-11D3-BF4B-00C04F79EFBC}") = "CM79D3_HFT_2023241.Endpoint", "CM79D3_HFT_2023241.Endpoint\CM79D3_HFT_2023241.Endpoint.csproj", "{C2EB61A6-BCC7-4174-B86D-C4DC7A704109}"
EndProject
Project("{FAE04EC0-301F-11D3-BF4B-00C04F79EFBC}") = "CM79D3_HFT_2023241.Test", "CM79D3_HFT_2023241.Test\CM79D3_HFT_2023241.Test.csproj", "{A9B1B917-F9D6-419D-9938-618F358E5056}"
EndProject
Project("{2150E333-8FDC-42A3-9474-1A3956D46DE8}") = "Backend", "Backend", "{762AFD26-4D47-498C-87BD-F8F499095A69}"
EndProject
Project("{2150E333-8FDC-42A3-9474-1A3956D46DE8}") = "Frontend", "Frontend", "{BF94A745-66AB-44D9-BDAA-D7A8580B2B87}"
EndProject
Project("{2150E333-8FDC-42A3-9474-1A3956D46DE8}") = "Shared", "Shared", "{2BEB21F5-2572-4296-AACB-0BF18731EA9D}"
EndProject
Global
	GlobalSection(SolutionConfigurationPlatforms) = preSolution
		Debug|Any CPU = Debug|Any CPU
		Release|Any CPU = Release|Any CPU
	EndGlobalSection
	GlobalSection(ProjectConfigurationPlatforms) = postSolution
		{EDAAC63C-922A-4274-95DB-1FFFA20F9CCE}.Debug|Any CPU.ActiveCfg = Debug|Any CPU
		{EDAAC63C-922A-4274-95DB-1FFFA20F9CCE}.Debug|Any CPU.Build.0 = Debug|Any CPU
		{EDAAC63C-922A-4274-95DB-1FFFA20F9CCE}.Release|Any CPU.ActiveCfg = Release|Any CPU
		{EDAAC63C-922A-4274-95DB-1FFFA20F9CCE}.Release|Any CPU.Build.0 = Release|Any CPU
		{C4755966-6D0B-4DF3-B0A7-E3853CABD67F}.Debug|Any CPU.ActiveCfg = Debug|Any CPU
		{C4755966-6D0B-4DF3-B0A7-E3853CABD67F}.Debug|Any CPU.Build.0 = Debug|Any CPU
		{C4755966-6D0B-4DF3-B0A7-E3853CABD67F}.Release|Any CPU.ActiveCfg = Release|Any CPU
		{C4755966-6D0B-4DF3-B0A7-E3853CABD67F}.Release|Any CPU.Build.0 = Release|Any CPU
		{2B5592CE-2392-458D-824D-79BB8C102CA6}.Debug|Any CPU.ActiveCfg = Debug|Any CPU
		{2B5592CE-2392-458D-824D-79BB8C102CA6}.Debug|Any CPU.Build.0 = Debug|Any CPU
		{2B5592CE-2392-458D-824D-79BB8C102CA6}.Release|Any CPU.ActiveCfg = Release|Any CPU
		{2B5592CE-2392-458D-824D-79BB8C102CA6}.Release|Any CPU.Build.0 = Release|Any CPU
		{C2B3CF2D-6290-4016-B42E-2830A517F38B}.Debug|Any CPU.ActiveCfg = Debug|Any CPU
		{C2B3CF2D-6290-4016-B42E-2830A517F38B}.Debug|Any CPU.Build.0 = Debug|Any CPU
		{C2B3CF2D-6290-4016-B42E-2830A517F38B}.Release|Any CPU.ActiveCfg = Release|Any CPU
		{C2B3CF2D-6290-4016-B42E-2830A517F38B}.Release|Any CPU.Build.0 = Release|Any CPU
		{C2EB61A6-BCC7-4174-B86D-C4DC7A704109}.Debug|Any CPU.ActiveCfg = Debug|Any CPU
		{C2EB61A6-BCC7-4174-B86D-C4DC7A704109}.Debug|Any CPU.Build.0 = Debug|Any CPU
		{C2EB61A6-BCC7-4174-B86D-C4DC7A704109}.Release|Any CPU.ActiveCfg = Release|Any CPU
		{C2EB61A6-BCC7-4174-B86D-C4DC7A704109}.Release|Any CPU.Build.0 = Release|Any CPU
		{A9B1B917-F9D6-419D-9938-618F358E5056}.Debug|Any CPU.ActiveCfg = Debug|Any CPU
		{A9B1B917-F9D6-419D-9938-618F358E5056}.Debug|Any CPU.Build.0 = Debug|Any CPU
		{A9B1B917-F9D6-419D-9938-618F358E5056}.Release|Any CPU.ActiveCfg = Release|Any CPU
		{A9B1B917-F9D6-419D-9938-618F358E5056}.Release|Any CPU.Build.0 = Release|Any CPU
	EndGlobalSection
	GlobalSection(SolutionProperties) = preSolution
		HideSolutionNode = FALSE
	EndGlobalSection
	GlobalSection(NestedProjects) = preSolution
		{EDAAC63C-922A-4274-95DB-1FFFA20F9CCE} = {BF94A745-66AB-44D9-BDAA-D7A8580B2B87}
		{C4755966-6D0B-4DF3-B0A7-E3853CABD67F} = {2BEB21F5-2572-4296-AACB-0BF18731EA9D}
		{2B5592CE-2392-458D-824D-79BB8C102CA6} = {762AFD26-4D47-498C-87BD-F8F499095A69}
		{C2B3CF2D-6290-4016-B42E-2830A517F38B} = {762AFD26-4D47-498C-87BD-F8F499095A69}
		{C2EB61A6-BCC7-4174-B86D-C4DC7A704109} = {762AFD26-4D47-498C-87BD-F8F499095A69}
		{A9B1B917-F9D6-419D-9938-618F358E5056} = {762AFD26-4D47-498C-87BD-F8F499095A69}
	EndGlobalSection
	GlobalSection(ExtensibilityGlobals) = postSolution
		SolutionGuid = {0E6131BD-F93D-43A4-BA31-BE0E89B0FE01}
	EndGlobalSection
EndGlobal
